
Microsoft Visual Studio Solution File, Format Version 12.00
# Visual Studio 14
VisualStudioVersion = 14.0.25420.1
MinimumVisualStudioVersion = 10.0.40219.1
Project("{2150E333-8FDC-42A3-9474-1A3956D46DE8}") = ".paket", ".paket", "{7AFE0D77-2293-49A0-A8A1-498C5AEA1024}"
	ProjectSection(SolutionItems) = preProject
		paket.dependencies = paket.dependencies
	EndProjectSection
EndProject
Project("{F2A71F9B-5D33-465A-A702-920D77279786}") = "Code", "Code.fsproj", "{FBCDE249-4C14-40AE-97B6-189997FA754A}"
EndProject
Global
	GlobalSection(SolutionConfigurationPlatforms) = preSolution
		Debug|Any CPU = Debug|Any CPU
		Release|Any CPU = Release|Any CPU
	EndGlobalSection
	GlobalSection(ProjectConfigurationPlatforms) = postSolution
		{FBCDE249-4C14-40AE-97B6-189997FA754A}.Debug|Any CPU.ActiveCfg = Debug|Any CPU
		{FBCDE249-4C14-40AE-97B6-189997FA754A}.Debug|Any CPU.Build.0 = Debug|Any CPU
		{FBCDE249-4C14-40AE-97B6-189997FA754A}.Release|Any CPU.ActiveCfg = Release|Any CPU
		{FBCDE249-4C14-40AE-97B6-189997FA754A}.Release|Any CPU.Build.0 = Release|Any CPU
	EndGlobalSection
	GlobalSection(SolutionProperties) = preSolution
		HideSolutionNode = FALSE
	EndGlobalSection
EndGlobal
